
Microsoft Visual Studio Solution File, Format Version 12.00
# Visual Studio Version 17
VisualStudioVersion = 17.14.36121.58
MinimumVisualStudioVersion = 10.0.40219.1
Project("{FAE04EC0-301F-11D3-BF4B-00C04F79EFBC}") = "COM3D2_CustomEventEditor", "COM3D2_CustomEventEditor\COM3D2_CustomEventEditor.csproj", "{F9FF3973-4E51-4224-AD84-4136A5C6C882}"
EndProject
Global
	GlobalSection(SolutionConfigurationPlatforms) = preSolution
		Debug|Any CPU = Debug|Any CPU
		Release|Any CPU = Release|Any CPU
	EndGlobalSection
	GlobalSection(ProjectConfigurationPlatforms) = postSolution
		{F9FF3973-4E51-4224-AD84-4136A5C6C882}.Debug|Any CPU.ActiveCfg = Debug|Any CPU
		{F9FF3973-4E51-4224-AD84-4136A5C6C882}.Debug|Any CPU.Build.0 = Debug|Any CPU
		{F9FF3973-4E51-4224-AD84-4136A5C6C882}.Release|Any CPU.ActiveCfg = Release|Any CPU
		{F9FF3973-4E51-4224-AD84-4136A5C6C882}.Release|Any CPU.Build.0 = Release|Any CPU
	EndGlobalSection
	GlobalSection(SolutionProperties) = preSolution
		HideSolutionNode = FALSE
	EndGlobalSection
	GlobalSection(ExtensibilityGlobals) = postSolution
		SolutionGuid = {22F59174-72BC-4D41-A033-4597AD1A7CD6}
	EndGlobalSection
EndGlobal
